
Microsoft Visual Studio Solution File, Format Version 12.00
# Visual Studio Version 17
VisualStudioVersion = 17.1.32319.34
MinimumVisualStudioVersion = 10.0.40219.1
Project("{FAE04EC0-301F-11D3-BF4B-00C04F79EFBC}") = "Bank_Ceo_Manager", "Bank_Ceo_Manager\Bank_Ceo_Manager.csproj", "{799E0D9B-E7A1-4D1C-AEF2-6B49B8D19155}"
EndProject
Global
	GlobalSection(SolutionConfigurationPlatforms) = preSolution
		Debug|Any CPU = Debug|Any CPU
		Release|Any CPU = Release|Any CPU
	EndGlobalSection
	GlobalSection(ProjectConfigurationPlatforms) = postSolution
		{799E0D9B-E7A1-4D1C-AEF2-6B49B8D19155}.Debug|Any CPU.ActiveCfg = Debug|Any CPU
		{799E0D9B-E7A1-4D1C-AEF2-6B49B8D19155}.Debug|Any CPU.Build.0 = Debug|Any CPU
		{799E0D9B-E7A1-4D1C-AEF2-6B49B8D19155}.Release|Any CPU.ActiveCfg = Release|Any CPU
		{799E0D9B-E7A1-4D1C-AEF2-6B49B8D19155}.Release|Any CPU.Build.0 = Release|Any CPU
	EndGlobalSection
	GlobalSection(SolutionProperties) = preSolution
		HideSolutionNode = FALSE
	EndGlobalSection
	GlobalSection(ExtensibilityGlobals) = postSolution
		SolutionGuid = {87809836-635E-4DCF-AA80-BBC774F52A8F}
	EndGlobalSection
EndGlobal
